// !$*UTF8*$!
{
	archiveVersion = 1;
	classes = {
	};
	objectVersion = 77;
	objects = {

/* Begin PBXBuildFile section */
		05EFC6442304E9027B7A22F1 /* HomeView.swift in Sources */ = {isa = PBXBuildFile; fileRef = 758FC15337073F3BBD8844B6 /* HomeView.swift */; };
		16CC2A642CEBA6A108C97B0F /* Assets.xcassets in Resources */ = {isa = PBXBuildFile; fileRef = 70624DE46F2ECDE2E4EA2876 /* Assets.xcassets */; };
		3F5F06AD3392674B494C2445 /* ArchiveView.swift in Sources */ = {isa = PBXBuildFile; fileRef = 8AC58379FE9BC4A5E056D80E /* ArchiveView.swift */; };
		4F8EBE35B176A8A3D60561D8 /* OnboardingView.swift in Sources */ = {isa = PBXBuildFile; fileRef = 6BB20BE79F4880F2B98E740F /* OnboardingView.swift */; };
		56666F3376AD6256E4943B94 /* EntryView.swift in Sources */ = {isa = PBXBuildFile; fileRef = 1AA97716D1CE87FB9687B8AF /* EntryView.swift */; };
		5B05E5CF160B40C922015032 /* TimeVerificationService.swift in Sources */ = {isa = PBXBuildFile; fileRef = FEF0159D28139EE8ABD34BE0 /* TimeVerificationService.swift */; };
		6C648A66DA651204E28B9399 /* JournalStorageService.swift in Sources */ = {isa = PBXBuildFile; fileRef = CB3D87E430FD630D2B4E35E7 /* JournalStorageService.swift */; };
		8E90E10961A9CF94DB3DF948 /* EncryptionService.swift in Sources */ = {isa = PBXBuildFile; fileRef = B00023E2B1128068026D1E28 /* EncryptionService.swift */; };
		9584B6A5ACC59B4F6F003713 /* DeadlineService.swift in Sources */ = {isa = PBXBuildFile; fileRef = 0BE380E90CD74329FCBF53B0 /* DeadlineService.swift */; };
		9882C3F0E4BDF03D21EBFBC1 /* NotificationService.swift in Sources */ = {isa = PBXBuildFile; fileRef = 9FF1B16013529856455C58E3 /* NotificationService.swift */; };
		AC5F34D526A4A9A2F0EBDAD0 /* Preview Assets.xcassets in Resources */ = {isa = PBXBuildFile; fileRef = 1CA6A21B3577C63E6CF561F8 /* Preview Assets.xcassets */; };
		B163F271CDD918DA30F4B8DB /* KeychainService.swift in Sources */ = {isa = PBXBuildFile; fileRef = D68DC6D3AFBC6501F25E9E5F /* KeychainService.swift */; };
		DB17596E80F79FF958032792 /* UserSettings.swift in Sources */ = {isa = PBXBuildFile; fileRef = 7D9C105BD584E6217C8E65F6 /* UserSettings.swift */; };
		DCEBFE4258AEA1ACEC79E9A6 /* LaunchScreen.storyboard in Resources */ = {isa = PBXBuildFile; fileRef = 4276BFAC34CF8D1EAA5CD4FD /* LaunchScreen.storyboard */; };
		DE0C6EE1CA3752D474939AD4 /* ContentView.swift in Sources */ = {isa = PBXBuildFile; fileRef = 2FE84EBC3DEC5E0BEEB6940C /* ContentView.swift */; };
		DE992BFCC97061AE9564AEE9 /* JournalEntry.swift in Sources */ = {isa = PBXBuildFile; fileRef = C28489FA3B67F58F68954CB7 /* JournalEntry.swift */; };
		FD4C9C97E025A475CD653C5A /* HumanjournalApp.swift in Sources */ = {isa = PBXBuildFile; fileRef = 9A02B7841ABB2909118C7AF7 /* HumanjournalApp.swift */; };
/* End PBXBuildFile section */

/* Begin PBXFileReference section */
		0BE380E90CD74329FCBF53B0 /* DeadlineService.swift */ = {isa = PBXFileReference; lastKnownFileType = sourcecode.swift; path = DeadlineService.swift; sourceTree = "<group>"; };
		1AA97716D1CE87FB9687B8AF /* EntryView.swift */ = {isa = PBXFileReference; lastKnownFileType = sourcecode.swift; path = EntryView.swift; sourceTree = "<group>"; };
		1CA6A21B3577C63E6CF561F8 /* Preview Assets.xcassets */ = {isa = PBXFileReference; lastKnownFileType = folder.assetcatalog; path = "Preview Assets.xcassets"; sourceTree = "<group>"; };
		2FE84EBC3DEC5E0BEEB6940C /* ContentView.swift */ = {isa = PBXFileReference; lastKnownFileType = sourcecode.swift; path = ContentView.swift; sourceTree = "<group>"; };
		4276BFAC34CF8D1EAA5CD4FD /* LaunchScreen.storyboard */ = {isa = PBXFileReference; lastKnownFileType = file.storyboard; path = LaunchScreen.storyboard; sourceTree = "<group>"; };
		472513504A9C94F77D5B2265 /* .gitkeep */ = {isa = PBXFileReference; path = .gitkeep; sourceTree = "<group>"; };
		6BB20BE79F4880F2B98E740F /* OnboardingView.swift */ = {isa = PBXFileReference; lastKnownFileType = sourcecode.swift; path = OnboardingView.swift; sourceTree = "<group>"; };
		70624DE46F2ECDE2E4EA2876 /* Assets.xcassets */ = {isa = PBXFileReference; lastKnownFileType = folder.assetcatalog; path = Assets.xcassets; sourceTree = "<group>"; };
		758FC15337073F3BBD8844B6 /* HomeView.swift */ = {isa = PBXFileReference; lastKnownFileType = sourcecode.swift; path = HomeView.swift; sourceTree = "<group>"; };
		7D9C105BD584E6217C8E65F6 /* UserSettings.swift */ = {isa = PBXFileReference; lastKnownFileType = sourcecode.swift; path = UserSettings.swift; sourceTree = "<group>"; };
		8AC58379FE9BC4A5E056D80E /* ArchiveView.swift */ = {isa = PBXFileReference; lastKnownFileType = sourcecode.swift; path = ArchiveView.swift; sourceTree = "<group>"; };
		9A02B7841ABB2909118C7AF7 /* HumanjournalApp.swift */ = {isa = PBXFileReference; lastKnownFileType = sourcecode.swift; path = HumanjournalApp.swift; sourceTree = "<group>"; };
		9FF1B16013529856455C58E3 /* NotificationService.swift */ = {isa = PBXFileReference; lastKnownFileType = sourcecode.swift; path = NotificationService.swift; sourceTree = "<group>"; };
		B00023E2B1128068026D1E28 /* EncryptionService.swift */ = {isa = PBXFileReference; lastKnownFileType = sourcecode.swift; path = EncryptionService.swift; sourceTree = "<group>"; };
		C28489FA3B67F58F68954CB7 /* JournalEntry.swift */ = {isa = PBXFileReference; lastKnownFileType = sourcecode.swift; path = JournalEntry.swift; sourceTree = "<group>"; };
		CB3D87E430FD630D2B4E35E7 /* JournalStorageService.swift */ = {isa = PBXFileReference; lastKnownFileType = sourcecode.swift; path = JournalStorageService.swift; sourceTree = "<group>"; };
		CEADE0862CE6A61CE219435A /* Humanjournal.app */ = {isa = PBXFileReference; includeInIndex = 0; lastKnownFileType = wrapper.application; path = Humanjournal.app; sourceTree = BUILT_PRODUCTS_DIR; };
		D68DC6D3AFBC6501F25E9E5F /* KeychainService.swift */ = {isa = PBXFileReference; lastKnownFileType = sourcecode.swift; path = KeychainService.swift; sourceTree = "<group>"; };
		FEF0159D28139EE8ABD34BE0 /* TimeVerificationService.swift */ = {isa = PBXFileReference; lastKnownFileType = sourcecode.swift; path = TimeVerificationService.swift; sourceTree = "<group>"; };
/* End PBXFileReference section */

/* Begin PBXGroup section */
		261DDD6F4720786D8913F3D5 /* Resources */ = {
			isa = PBXGroup;
			children = (
				4276BFAC34CF8D1EAA5CD4FD /* LaunchScreen.storyboard */,
			);
			path = Resources;
			sourceTree = "<group>";
		};
		2FB0905F203756370DDF7613 /* Views */ = {
			isa = PBXGroup;
			children = (
				8AC58379FE9BC4A5E056D80E /* ArchiveView.swift */,
				1AA97716D1CE87FB9687B8AF /* EntryView.swift */,
				758FC15337073F3BBD8844B6 /* HomeView.swift */,
				6BB20BE79F4880F2B98E740F /* OnboardingView.swift */,
			);
			path = Views;
			sourceTree = "<group>";
		};
		3FDE3896C6FF20BB8DFA3FD4 = {
			isa = PBXGroup;
			children = (
				F6828F2D8C28156A8639C23C /* Humanjournal */,
				89BC4A8F881BC07A173275E7 /* Products */,
			);
			sourceTree = "<group>";
		};
		4DC36D8E94DFC452771791CA /* Services */ = {
			isa = PBXGroup;
			children = (
				0BE380E90CD74329FCBF53B0 /* DeadlineService.swift */,
				B00023E2B1128068026D1E28 /* EncryptionService.swift */,
				CB3D87E430FD630D2B4E35E7 /* JournalStorageService.swift */,
				D68DC6D3AFBC6501F25E9E5F /* KeychainService.swift */,
				9FF1B16013529856455C58E3 /* NotificationService.swift */,
				FEF0159D28139EE8ABD34BE0 /* TimeVerificationService.swift */,
			);
			path = Services;
			sourceTree = "<group>";
		};
		57FB702E4847355D5AB0877A /* Preview Content */ = {
			isa = PBXGroup;
			children = (
				1CA6A21B3577C63E6CF561F8 /* Preview Assets.xcassets */,
			);
			path = "Preview Content";
			sourceTree = "<group>";
		};
		89BC4A8F881BC07A173275E7 /* Products */ = {
			isa = PBXGroup;
			children = (
				CEADE0862CE6A61CE219435A /* Humanjournal.app */,
			);
			name = Products;
			sourceTree = "<group>";
		};
		E3ED185F38EB39242F126764 /* Models */ = {
			isa = PBXGroup;
			children = (
				C28489FA3B67F58F68954CB7 /* JournalEntry.swift */,
				7D9C105BD584E6217C8E65F6 /* UserSettings.swift */,
			);
			path = Models;
			sourceTree = "<group>";
		};
		F6828F2D8C28156A8639C23C /* Humanjournal */ = {
			isa = PBXGroup;
			children = (
				70624DE46F2ECDE2E4EA2876 /* Assets.xcassets */,
				2FE84EBC3DEC5E0BEEB6940C /* ContentView.swift */,
				9A02B7841ABB2909118C7AF7 /* HumanjournalApp.swift */,
				E3ED185F38EB39242F126764 /* Models */,
				57FB702E4847355D5AB0877A /* Preview Content */,
				261DDD6F4720786D8913F3D5 /* Resources */,
				4DC36D8E94DFC452771791CA /* Services */,
				F8B40674900D0B43826A1FDB /* Utilities */,
				2FB0905F203756370DDF7613 /* Views */,
			);
			path = Humanjournal;
			sourceTree = "<group>";
		};
		F8B40674900D0B43826A1FDB /* Utilities */ = {
			isa = PBXGroup;
			children = (
				472513504A9C94F77D5B2265 /* .gitkeep */,
			);
			path = Utilities;
			sourceTree = "<group>";
		};
/* End PBXGroup section */

/* Begin PBXNativeTarget section */
		696788DC9CBAF4A398CDE3E5 /* Humanjournal */ = {
			isa = PBXNativeTarget;
			buildConfigurationList = 05CDEF40A350CB45513E39F0 /* Build configuration list for PBXNativeTarget "Humanjournal" */;
			buildPhases = (
				59B34964C7B67F576219710B /* Sources */,
				E9B2C48E5C994FAFD6573794 /* Resources */,
			);
			buildRules = (
			);
			dependencies = (
			);
			name = Humanjournal;
			packageProductDependencies = (
			);
			productName = Humanjournal;
			productReference = CEADE0862CE6A61CE219435A /* Humanjournal.app */;
			productType = "com.apple.product-type.application";
		};
/* End PBXNativeTarget section */

/* Begin PBXProject section */
		9F3E72BB88A45A5F40152E65 /* Project object */ = {
			isa = PBXProject;
			attributes = {
				BuildIndependentTargetsInParallel = YES;
				LastUpgradeCheck = 1430;
			};
			buildConfigurationList = 7221704AF69A55AF233D05AC /* Build configuration list for PBXProject "Humanjournal" */;
			compatibilityVersion = "Xcode 14.0";
			developmentRegion = en;
			hasScannedForEncodings = 0;
			knownRegions = (
				Base,
				en,
			);
			mainGroup = 3FDE3896C6FF20BB8DFA3FD4;
			minimizedProjectReferenceProxies = 1;
			preferredProjectObjectVersion = 77;
			projectDirPath = "";
			projectRoot = "";
			targets = (
				696788DC9CBAF4A398CDE3E5 /* Humanjournal */,
			);
		};
/* End PBXProject section */

/* Begin PBXResourcesBuildPhase section */
		E9B2C48E5C994FAFD6573794 /* Resources */ = {
			isa = PBXResourcesBuildPhase;
			buildActionMask = 2147483647;
			files = (
				16CC2A642CEBA6A108C97B0F /* Assets.xcassets in Resources */,
				DCEBFE4258AEA1ACEC79E9A6 /* LaunchScreen.storyboard in Resources */,
				AC5F34D526A4A9A2F0EBDAD0 /* Preview Assets.xcassets in Resources */,
			);
			runOnlyForDeploymentPostprocessing = 0;
		};
/* End PBXResourcesBuildPhase section */

/* Begin PBXSourcesBuildPhase section */
		59B34964C7B67F576219710B /* Sources */ = {
			isa = PBXSourcesBuildPhase;
			buildActionMask = 2147483647;
			files = (
				3F5F06AD3392674B494C2445 /* ArchiveView.swift in Sources */,
				DE0C6EE1CA3752D474939AD4 /* ContentView.swift in Sources */,
				9584B6A5ACC59B4F6F003713 /* DeadlineService.swift in Sources */,
				8E90E10961A9CF94DB3DF948 /* EncryptionService.swift in Sources */,
				56666F3376AD6256E4943B94 /* EntryView.swift in Sources */,
				05EFC6442304E9027B7A22F1 /* HomeView.swift in Sources */,
				FD4C9C97E025A475CD653C5A /* HumanjournalApp.swift in Sources */,
				DE992BFCC97061AE9564AEE9 /* JournalEntry.swift in Sources */,
				6C648A66DA651204E28B9399 /* JournalStorageService.swift in Sources */,
				B163F271CDD918DA30F4B8DB /* KeychainService.swift in Sources */,
				9882C3F0E4BDF03D21EBFBC1 /* NotificationService.swift in Sources */,
				4F8EBE35B176A8A3D60561D8 /* OnboardingView.swift in Sources */,
				5B05E5CF160B40C922015032 /* TimeVerificationService.swift in Sources */,
				DB17596E80F79FF958032792 /* UserSettings.swift in Sources */,
			);
			runOnlyForDeploymentPostprocessing = 0;
		};
/* End PBXSourcesBuildPhase section */

/* Begin XCBuildConfiguration section */
		284CED2AA143C53292199BCD /* Debug */ = {
			isa = XCBuildConfiguration;
			buildSettings = {
				ALWAYS_SEARCH_USER_PATHS = NO;
				CLANG_ANALYZER_NONNULL = YES;
				CLANG_ANALYZER_NUMBER_OBJECT_CONVERSION = YES_AGGRESSIVE;
				CLANG_CXX_LANGUAGE_STANDARD = "gnu++14";
				CLANG_CXX_LIBRARY = "libc++";
				CLANG_ENABLE_MODULES = YES;
				CLANG_ENABLE_OBJC_ARC = YES;
				CLANG_ENABLE_OBJC_WEAK = YES;
				CLANG_WARN_BLOCK_CAPTURE_AUTORELEASING = YES;
				CLANG_WARN_BOOL_CONVERSION = YES;
				CLANG_WARN_COMMA = YES;
				CLANG_WARN_CONSTANT_CONVERSION = YES;
				CLANG_WARN_DEPRECATED_OBJC_IMPLEMENTATIONS = YES;
				CLANG_WARN_DIRECT_OBJC_ISA_USAGE = YES_ERROR;
				CLANG_WARN_DOCUMENTATION_COMMENTS = YES;
				CLANG_WARN_EMPTY_BODY = YES;
				CLANG_WARN_ENUM_CONVERSION = YES;
				CLANG_WARN_INFINITE_RECURSION = YES;
				CLANG_WARN_INT_CONVERSION = YES;
				CLANG_WARN_NON_LITERAL_NULL_CONVERSION = YES;
				CLANG_WARN_OBJC_IMPLICIT_RETAIN_SELF = YES;
				CLANG_WARN_OBJC_LITERAL_CONVERSION = YES;
				CLANG_WARN_OBJC_ROOT_CLASS = YES_ERROR;
				CLANG_WARN_QUOTED_INCLUDE_IN_FRAMEWORK_HEADER = YES;
				CLANG_WARN_RANGE_LOOP_ANALYSIS = YES;
				CLANG_WARN_STRICT_PROTOTYPES = YES;
				CLANG_WARN_SUSPICIOUS_MOVE = YES;
				CLANG_WARN_UNGUARDED_AVAILABILITY = YES_AGGRESSIVE;
				CLANG_WARN_UNREACHABLE_CODE = YES;
				CLANG_WARN__DUPLICATE_METHOD_MATCH = YES;
				COPY_PHASE_STRIP = NO;
				DEBUG_INFORMATION_FORMAT = dwarf;
				ENABLE_STRICT_OBJC_MSGSEND = YES;
				ENABLE_TESTABILITY = YES;
				GCC_C_LANGUAGE_STANDARD = gnu11;
				GCC_DYNAMIC_NO_PIC = NO;
				GCC_NO_COMMON_BLOCKS = YES;
				GCC_OPTIMIZATION_LEVEL = 0;
				GCC_PREPROCESSOR_DEFINITIONS = (
					"$(inherited)",
					"DEBUG=1",
				);
				GCC_WARN_64_TO_32_BIT_CONVERSION = YES;
				GCC_WARN_ABOUT_RETURN_TYPE = YES_ERROR;
				GCC_WARN_UNDECLARED_SELECTOR = YES;
				GCC_WARN_UNINITIALIZED_AUTOS = YES_AGGRESSIVE;
				GCC_WARN_UNUSED_FUNCTION = YES;
				GCC_WARN_UNUSED_VARIABLE = YES;
				IPHONEOS_DEPLOYMENT_TARGET = 17.0;
				MTL_ENABLE_DEBUG_INFO = INCLUDE_SOURCE;
				MTL_FAST_MATH = YES;
				ONLY_ACTIVE_ARCH = YES;
				PRODUCT_NAME = "$(TARGET_NAME)";
				SDKROOT = iphoneos;
				SWIFT_ACTIVE_COMPILATION_CONDITIONS = DEBUG;
				SWIFT_OPTIMIZATION_LEVEL = "-Onone";
				SWIFT_VERSION = 5.0;
			};
			name = Debug;
		};
		727AB0801D80A9FDDB73F00B /* Release */ = {
			isa = XCBuildConfiguration;
			buildSettings = {
				ASSETCATALOG_COMPILER_APPICON_NAME = AppIcon;
				CODE_SIGN_IDENTITY = "iPhone Developer";
				CURRENT_PROJECT_VERSION = 1;
				GENERATE_INFOPLIST_FILE = YES;
				INFOPLIST_GENERATION_MODE = GeneratedFile;
				INFOPLIST_KEY_UIApplicationSceneManifest_Generation = YES;
				INFOPLIST_KEY_UILaunchStoryboardName = LaunchScreen;
				LD_RUNPATH_SEARCH_PATHS = (
					"$(inherited)",
					"@executable_path/Frameworks",
				);
				MARKETING_VERSION = 1.0;
				PRODUCT_BUNDLE_IDENTIFIER = com.humanjournal.app;
				SDKROOT = iphoneos;
				TARGETED_DEVICE_FAMILY = "1,2";
			};
			name = Release;
		};
		7C21D57F44DCEE81B6F93796 /* Debug */ = {
			isa = XCBuildConfiguration;
			buildSettings = {
				ASSETCATALOG_COMPILER_APPICON_NAME = AppIcon;
				CODE_SIGN_IDENTITY = "iPhone Developer";
				CURRENT_PROJECT_VERSION = 1;
				GENERATE_INFOPLIST_FILE = YES;
				INFOPLIST_GENERATION_MODE = GeneratedFile;
				INFOPLIST_KEY_UIApplicationSceneManifest_Generation = YES;
				INFOPLIST_KEY_UILaunchStoryboardName = LaunchScreen;
				LD_RUNPATH_SEARCH_PATHS = (
					"$(inherited)",
					"@executable_path/Frameworks",
				);
				MARKETING_VERSION = 1.0;
				PRODUCT_BUNDLE_IDENTIFIER = com.humanjournal.app;
				SDKROOT = iphoneos;
				TARGETED_DEVICE_FAMILY = "1,2";
			};
			name = Debug;
		};
		EB93EF8B53C0B8D23CEE8F92 /* Release */ = {
			isa = XCBuildConfiguration;
			buildSettings = {
				ALWAYS_SEARCH_USER_PATHS = NO;
				CLANG_ANALYZER_NONNULL = YES;
				CLANG_ANALYZER_NUMBER_OBJECT_CONVERSION = YES_AGGRESSIVE;
				CLANG_CXX_LANGUAGE_STANDARD = "gnu++14";
				CLANG_CXX_LIBRARY = "libc++";
				CLANG_ENABLE_MODULES = YES;
				CLANG_ENABLE_OBJC_ARC = YES;
				CLANG_ENABLE_OBJC_WEAK = YES;
				CLANG_WARN_BLOCK_CAPTURE_AUTORELEASING = YES;
				CLANG_WARN_BOOL_CONVERSION = YES;
				CLANG_WARN_COMMA = YES;
				CLANG_WARN_CONSTANT_CONVERSION = YES;
				CLANG_WARN_DEPRECATED_OBJC_IMPLEMENTATIONS = YES;
				CLANG_WARN_DIRECT_OBJC_ISA_USAGE = YES_ERROR;
				CLANG_WARN_DOCUMENTATION_COMMENTS = YES;
				CLANG_WARN_EMPTY_BODY = YES;
				CLANG_WARN_ENUM_CONVERSION = YES;
				CLANG_WARN_INFINITE_RECURSION = YES;
				CLANG_WARN_INT_CONVERSION = YES;
				CLANG_WARN_NON_LITERAL_NULL_CONVERSION = YES;
				CLANG_WARN_OBJC_IMPLICIT_RETAIN_SELF = YES;
				CLANG_WARN_OBJC_LITERAL_CONVERSION = YES;
				CLANG_WARN_OBJC_ROOT_CLASS = YES_ERROR;
				CLANG_WARN_QUOTED_INCLUDE_IN_FRAMEWORK_HEADER = YES;
				CLANG_WARN_RANGE_LOOP_ANALYSIS = YES;
				CLANG_WARN_STRICT_PROTOTYPES = YES;
				CLANG_WARN_SUSPICIOUS_MOVE = YES;
				CLANG_WARN_UNGUARDED_AVAILABILITY = YES_AGGRESSIVE;
				CLANG_WARN_UNREACHABLE_CODE = YES;
				CLANG_WARN__DUPLICATE_METHOD_MATCH = YES;
				COPY_PHASE_STRIP = NO;
				DEBUG_INFORMATION_FORMAT = "dwarf-with-dsym";
				ENABLE_NS_ASSERTIONS = NO;
				ENABLE_STRICT_OBJC_MSGSEND = YES;
				GCC_C_LANGUAGE_STANDARD = gnu11;
				GCC_NO_COMMON_BLOCKS = YES;
				GCC_WARN_64_TO_32_BIT_CONVERSION = YES;
				GCC_WARN_ABOUT_RETURN_TYPE = YES_ERROR;
				GCC_WARN_UNDECLARED_SELECTOR = YES;
				GCC_WARN_UNINITIALIZED_AUTOS = YES_AGGRESSIVE;
				GCC_WARN_UNUSED_FUNCTION = YES;
				GCC_WARN_UNUSED_VARIABLE = YES;
				IPHONEOS_DEPLOYMENT_TARGET = 17.0;
				MTL_ENABLE_DEBUG_INFO = NO;
				MTL_FAST_MATH = YES;
				PRODUCT_NAME = "$(TARGET_NAME)";
				SDKROOT = iphoneos;
				SWIFT_COMPILATION_MODE = wholemodule;
				SWIFT_OPTIMIZATION_LEVEL = "-O";
				SWIFT_VERSION = 5.0;
			};
			name = Release;
		};
/* End XCBuildConfiguration section */

/* Begin XCConfigurationList section */
		05CDEF40A350CB45513E39F0 /* Build configuration list for PBXNativeTarget "Humanjournal" */ = {
			isa = XCConfigurationList;
			buildConfigurations = (
				7C21D57F44DCEE81B6F93796 /* Debug */,
				727AB0801D80A9FDDB73F00B /* Release */,
			);
			defaultConfigurationIsVisible = 0;
			defaultConfigurationName = Debug;
		};
		7221704AF69A55AF233D05AC /* Build configuration list for PBXProject "Humanjournal" */ = {
			isa = XCConfigurationList;
			buildConfigurations = (
				284CED2AA143C53292199BCD /* Debug */,
				EB93EF8B53C0B8D23CEE8F92 /* Release */,
			);
			defaultConfigurationIsVisible = 0;
			defaultConfigurationName = Debug;
		};
/* End XCConfigurationList section */
	};
	rootObject = 9F3E72BB88A45A5F40152E65 /* Project object */;
}
